
Microsoft Visual Studio Solution File, Format Version 12.00
# Visual Studio 15
VisualStudioVersion = 15.0.28307.645
MinimumVisualStudioVersion = 10.0.40219.1
Project("{888888A0-9F3D-457C-B088-3A5042F75D52}") = "vua-iotomatoes-client", "vua-iotomatoes-client.pyproj", "{07283978-31A7-4FA2-A7AA-9D9159DA2FA0}"
EndProject
Global
	GlobalSection(SolutionConfigurationPlatforms) = preSolution
		Debug|Any CPU = Debug|Any CPU
		Release|Any CPU = Release|Any CPU
	EndGlobalSection
	GlobalSection(ProjectConfigurationPlatforms) = postSolution
		{07283978-31A7-4FA2-A7AA-9D9159DA2FA0}.Debug|Any CPU.ActiveCfg = Debug|Any CPU
		{07283978-31A7-4FA2-A7AA-9D9159DA2FA0}.Release|Any CPU.ActiveCfg = Release|Any CPU
	EndGlobalSection
	GlobalSection(SolutionProperties) = preSolution
		HideSolutionNode = FALSE
	EndGlobalSection
	GlobalSection(ExtensibilityGlobals) = postSolution
		SolutionGuid = {BBC9D466-E789-485B-8558-671FC2C626BF}
	EndGlobalSection
EndGlobal
